
Microsoft Visual Studio Solution File, Format Version 12.00
# Visual Studio Version 16
VisualStudioVersion = 16.0.29319.158
MinimumVisualStudioVersion = 10.0.40219.1
Project("{9A19103F-16F7-4668-BE54-9A1E7A4F7556}") = "WebUI", "src\WebUI\WebUI.csproj", "{724D5EE1-C2C3-42E3-8BAE-D75E57BA3CD8}"
EndProject
Project("{2150E333-8FDC-42A3-9474-1A3956D46DE8}") = "src", "src", "{6ED356A7-8B47-4613-AD01-C85CF28491BD}"
EndProject
Project("{2150E333-8FDC-42A3-9474-1A3956D46DE8}") = "tests", "tests", "{664D406C-2F83-48F0-BFC3-408D5CB53C65}"
EndProject
Project("{9A19103F-16F7-4668-BE54-9A1E7A4F7556}") = "Application.UnitTests", "tests\Application.UnitTests\Application.UnitTests.csproj", "{DEFF4009-1FAB-4392-80B6-707E2DC5C00B}"
EndProject
Project("{9A19103F-16F7-4668-BE54-9A1E7A4F7556}") = "Domain.UnitTests", "tests\Domain.UnitTests\Domain.UnitTests.csproj", "{DC37FD87-552C-4613-9F16-1537CA522898}"
EndProject
Project("{9A19103F-16F7-4668-BE54-9A1E7A4F7556}") = "Application.IntegrationTests", "tests\Application.IntegrationTests\Application.IntegrationTests.csproj", "{277029AF-D9E1-4B75-9F11-48FEA7345AD7}"
EndProject
Project("{2150E333-8FDC-42A3-9474-1A3956D46DE8}") = "Base", "Base", "{B359EB2A-E989-42C5-8698-5A9D7B727D3D}"
EndProject
Project("{FAE04EC0-301F-11D3-BF4B-00C04F79EFBC}") = "Application", "src\Base\Application\Application.csproj", "{FCE4FA30-64D1-4F16-BE4D-B57740FF0C66}"
EndProject
Project("{FAE04EC0-301F-11D3-BF4B-00C04F79EFBC}") = "Domain", "src\Base\Domain\Domain.csproj", "{DFE2C5C3-BE76-4B28-A94B-F180E1FB178B}"
EndProject
Project("{FAE04EC0-301F-11D3-BF4B-00C04F79EFBC}") = "Infrastructure", "src\Base\Infrastructure\Infrastructure.csproj", "{D341C6A2-4B96-45D7-9514-9B8F95D227B8}"
EndProject
Global
	GlobalSection(SolutionConfigurationPlatforms) = preSolution
		Debug|Any CPU = Debug|Any CPU
		Release|Any CPU = Release|Any CPU
	EndGlobalSection
	GlobalSection(ProjectConfigurationPlatforms) = postSolution
		{724D5EE1-C2C3-42E3-8BAE-D75E57BA3CD8}.Debug|Any CPU.ActiveCfg = Debug|Any CPU
		{724D5EE1-C2C3-42E3-8BAE-D75E57BA3CD8}.Debug|Any CPU.Build.0 = Debug|Any CPU
		{724D5EE1-C2C3-42E3-8BAE-D75E57BA3CD8}.Release|Any CPU.ActiveCfg = Release|Any CPU
		{724D5EE1-C2C3-42E3-8BAE-D75E57BA3CD8}.Release|Any CPU.Build.0 = Release|Any CPU
		{DEFF4009-1FAB-4392-80B6-707E2DC5C00B}.Debug|Any CPU.ActiveCfg = Debug|Any CPU
		{DEFF4009-1FAB-4392-80B6-707E2DC5C00B}.Debug|Any CPU.Build.0 = Debug|Any CPU
		{DEFF4009-1FAB-4392-80B6-707E2DC5C00B}.Release|Any CPU.ActiveCfg = Release|Any CPU
		{DEFF4009-1FAB-4392-80B6-707E2DC5C00B}.Release|Any CPU.Build.0 = Release|Any CPU
		{DC37FD87-552C-4613-9F16-1537CA522898}.Debug|Any CPU.ActiveCfg = Debug|Any CPU
		{DC37FD87-552C-4613-9F16-1537CA522898}.Debug|Any CPU.Build.0 = Debug|Any CPU
		{DC37FD87-552C-4613-9F16-1537CA522898}.Release|Any CPU.ActiveCfg = Release|Any CPU
		{DC37FD87-552C-4613-9F16-1537CA522898}.Release|Any CPU.Build.0 = Release|Any CPU
		{277029AF-D9E1-4B75-9F11-48FEA7345AD7}.Debug|Any CPU.ActiveCfg = Debug|Any CPU
		{277029AF-D9E1-4B75-9F11-48FEA7345AD7}.Debug|Any CPU.Build.0 = Debug|Any CPU
		{277029AF-D9E1-4B75-9F11-48FEA7345AD7}.Release|Any CPU.ActiveCfg = Release|Any CPU
		{277029AF-D9E1-4B75-9F11-48FEA7345AD7}.Release|Any CPU.Build.0 = Release|Any CPU
		{FCE4FA30-64D1-4F16-BE4D-B57740FF0C66}.Debug|Any CPU.ActiveCfg = Debug|Any CPU
		{FCE4FA30-64D1-4F16-BE4D-B57740FF0C66}.Debug|Any CPU.Build.0 = Debug|Any CPU
		{FCE4FA30-64D1-4F16-BE4D-B57740FF0C66}.Release|Any CPU.ActiveCfg = Release|Any CPU
		{FCE4FA30-64D1-4F16-BE4D-B57740FF0C66}.Release|Any CPU.Build.0 = Release|Any CPU
		{DFE2C5C3-BE76-4B28-A94B-F180E1FB178B}.Debug|Any CPU.ActiveCfg = Debug|Any CPU
		{DFE2C5C3-BE76-4B28-A94B-F180E1FB178B}.Debug|Any CPU.Build.0 = Debug|Any CPU
		{DFE2C5C3-BE76-4B28-A94B-F180E1FB178B}.Release|Any CPU.ActiveCfg = Release|Any CPU
		{DFE2C5C3-BE76-4B28-A94B-F180E1FB178B}.Release|Any CPU.Build.0 = Release|Any CPU
		{D341C6A2-4B96-45D7-9514-9B8F95D227B8}.Debug|Any CPU.ActiveCfg = Debug|Any CPU
		{D341C6A2-4B96-45D7-9514-9B8F95D227B8}.Debug|Any CPU.Build.0 = Debug|Any CPU
		{D341C6A2-4B96-45D7-9514-9B8F95D227B8}.Release|Any CPU.ActiveCfg = Release|Any CPU
		{D341C6A2-4B96-45D7-9514-9B8F95D227B8}.Release|Any CPU.Build.0 = Release|Any CPU
	EndGlobalSection
	GlobalSection(SolutionProperties) = preSolution
		HideSolutionNode = FALSE
	EndGlobalSection
	GlobalSection(NestedProjects) = preSolution
		{724D5EE1-C2C3-42E3-8BAE-D75E57BA3CD8} = {6ED356A7-8B47-4613-AD01-C85CF28491BD}
		{DEFF4009-1FAB-4392-80B6-707E2DC5C00B} = {664D406C-2F83-48F0-BFC3-408D5CB53C65}
		{DC37FD87-552C-4613-9F16-1537CA522898} = {664D406C-2F83-48F0-BFC3-408D5CB53C65}
		{277029AF-D9E1-4B75-9F11-48FEA7345AD7} = {664D406C-2F83-48F0-BFC3-408D5CB53C65}
		{B359EB2A-E989-42C5-8698-5A9D7B727D3D} = {6ED356A7-8B47-4613-AD01-C85CF28491BD}
		{FCE4FA30-64D1-4F16-BE4D-B57740FF0C66} = {B359EB2A-E989-42C5-8698-5A9D7B727D3D}
		{DFE2C5C3-BE76-4B28-A94B-F180E1FB178B} = {B359EB2A-E989-42C5-8698-5A9D7B727D3D}
		{D341C6A2-4B96-45D7-9514-9B8F95D227B8} = {B359EB2A-E989-42C5-8698-5A9D7B727D3D}
	EndGlobalSection
	GlobalSection(ExtensibilityGlobals) = postSolution
		SolutionGuid = {3CB609D9-5D54-4C11-A371-DAAC8B74E430}
	EndGlobalSection
EndGlobal
