
Microsoft Visual Studio Solution File, Format Version 12.00
# Visual Studio Version 16
VisualStudioVersion = 16.0.29319.158
MinimumVisualStudioVersion = 10.0.40219.1
Project("{9A19103F-16F7-4668-BE54-9A1E7A4F7556}") = "WebUI", "src\WebUI\WebUI.csproj", "{724D5EE1-C2C3-42E3-8BAE-D75E57BA3CD8}"
EndProject
Project("{2150E333-8FDC-42A3-9474-1A3956D46DE8}") = "src", "src", "{6ED356A7-8B47-4613-AD01-C85CF28491BD}"
EndProject
Project("{2150E333-8FDC-42A3-9474-1A3956D46DE8}") = "tests", "tests", "{664D406C-2F83-48F0-BFC3-408D5CB53C65}"
EndProject
Project("{FAE04EC0-301F-11D3-BF4B-00C04F79EFBC}") = "Infrastructure", "src\Infrastructure\Infrastructure.csproj", "{B38E23B9-0E0D-41C0-834F-FE70C3A960FF}"
EndProject
Project("{2150E333-8FDC-42A3-9474-1A3956D46DE8}") = "build", "build", "{6BB6A724-D5C8-4E94-ACB4-042BEB8D0F05}"
ProjectSection(SolutionItems) = preProject
	build\docker-compose.yml = build\docker-compose.yml
	build\docker-compose-api.yml = build\docker-compose-api.yml
EndProjectSection
EndProject
Project("{2150E333-8FDC-42A3-9474-1A3956D46DE8}") = "GigManagement", "GigManagement", "{FF3F27FA-F99E-4ED5-84E6-FB5FD3EB9A84}"
EndProject
Project("{FAE04EC0-301F-11D3-BF4B-00C04F79EFBC}") = "Gig.Domain", "src\GigManagement\Gig.Domain\Gig.Domain.csproj", "{B07A0C21-82CA-4C43-8687-F5A19AB0FCD0}"
EndProject
Project("{2150E333-8FDC-42A3-9474-1A3956D46DE8}") = "Common", "Common", "{41107A04-EDDC-4B64-BC0E-ABE63675D97B}"
EndProject
Project("{FAE04EC0-301F-11D3-BF4B-00C04F79EFBC}") = "Common.Domain", "src\Common\Common.Domain\Common.Domain.csproj", "{CBDE7FD0-BCA8-492F-9325-5B57F214E914}"
EndProject
Project("{FAE04EC0-301F-11D3-BF4B-00C04F79EFBC}") = "Gig.Application", "src\GigManagement\Gig.Application\Gig.Application.csproj", "{F2C32607-C373-46B3-BE61-4371B4271D3A}"
EndProject
Project("{FAE04EC0-301F-11D3-BF4B-00C04F79EFBC}") = "Common.Application", "src\Common\Common.Application\Common.Application.csproj", "{A398E6EA-ECFC-450D-8DAA-8A54D90B8775}"
EndProject
Project("{FAE04EC0-301F-11D3-BF4B-00C04F79EFBC}") = "Gig.Contracts", "src\GigManagement\Gig.Contracts\Gig.Contracts.csproj", "{BDD0B585-9B0F-41D8-A1F9-60C4E3C2BE4D}"
EndProject
Project("{FAE04EC0-301F-11D3-BF4B-00C04F79EFBC}") = "Gig.Infrastructure", "src\GigManagement\Gig.Infrastructure\Gig.Infrastructure.csproj", "{53C68299-82C5-4E4E-850A-E2BECBF6C4E5}"
EndProject
Project("{2150E333-8FDC-42A3-9474-1A3956D46DE8}") = "Ordering", "Ordering", "{D2BF2D43-AF5B-4528-AF7B-D5F212B3A05E}"
EndProject
Project("{FAE04EC0-301F-11D3-BF4B-00C04F79EFBC}") = "Ordering.Domain", "src\Ordering\Ordering.Domain\Ordering.Domain.csproj", "{392D52A5-059F-41C7-9FC5-7FF819C69483}"
EndProject
Project("{FAE04EC0-301F-11D3-BF4B-00C04F79EFBC}") = "Ordering.Application", "src\Ordering\Ordering.Application\Ordering.Application.csproj", "{DB187A05-8F05-432B-AB53-05FAC0875B21}"
EndProject
Project("{FAE04EC0-301F-11D3-BF4B-00C04F79EFBC}") = "Ordering.Infrastructure", "src\Ordering\Ordering.Infrastructure\Ordering.Infrastructure.csproj", "{C3115B4F-180F-495E-A927-8CBCD3F85984}"
EndProject
Project("{FAE04EC0-301F-11D3-BF4B-00C04F79EFBC}") = "Ordering.Contracts", "src\Ordering\Ordering.Contracts\Ordering.Contracts.csproj", "{4F08BA2C-BCA3-4F89-9CE1-EB07794EDB51}"
EndProject
Project("{FAE04EC0-301F-11D3-BF4B-00C04F79EFBC}") = "Worker", "src\Worker\Worker.csproj", "{E4AF35B3-F2D4-401D-AC85-B15C97E2FF19}"
EndProject
Project("{FAE04EC0-301F-11D3-BF4B-00C04F79EFBC}") = "LooselyCoupled", "src\LooselyCoupled\LooselyCoupled.csproj", "{96EB2C94-6A7B-4B5A-BE73-B743A65DCA18}"
EndProject
Project("{2150E333-8FDC-42A3-9474-1A3956D46DE8}") = "Billing", "Billing", "{0C0C3FD3-1C83-490B-BCAB-193B4D434F72}"
EndProject
Project("{FAE04EC0-301F-11D3-BF4B-00C04F79EFBC}") = "Billing.Domain", "src\Billing\Billing.Domain\Billing.Domain.csproj", "{FBDFFF93-67BF-4F47-9A24-0700B13D83C2}"
EndProject
Global
	GlobalSection(SolutionConfigurationPlatforms) = preSolution
		Debug|Any CPU = Debug|Any CPU
		Release|Any CPU = Release|Any CPU
	EndGlobalSection
	GlobalSection(ProjectConfigurationPlatforms) = postSolution
		{724D5EE1-C2C3-42E3-8BAE-D75E57BA3CD8}.Debug|Any CPU.ActiveCfg = Debug|Any CPU
		{724D5EE1-C2C3-42E3-8BAE-D75E57BA3CD8}.Debug|Any CPU.Build.0 = Debug|Any CPU
		{724D5EE1-C2C3-42E3-8BAE-D75E57BA3CD8}.Release|Any CPU.ActiveCfg = Release|Any CPU
		{724D5EE1-C2C3-42E3-8BAE-D75E57BA3CD8}.Release|Any CPU.Build.0 = Release|Any CPU
		{B38E23B9-0E0D-41C0-834F-FE70C3A960FF}.Debug|Any CPU.ActiveCfg = Debug|Any CPU
		{B38E23B9-0E0D-41C0-834F-FE70C3A960FF}.Debug|Any CPU.Build.0 = Debug|Any CPU
		{B38E23B9-0E0D-41C0-834F-FE70C3A960FF}.Release|Any CPU.ActiveCfg = Release|Any CPU
		{B38E23B9-0E0D-41C0-834F-FE70C3A960FF}.Release|Any CPU.Build.0 = Release|Any CPU
		{B07A0C21-82CA-4C43-8687-F5A19AB0FCD0}.Debug|Any CPU.ActiveCfg = Debug|Any CPU
		{B07A0C21-82CA-4C43-8687-F5A19AB0FCD0}.Debug|Any CPU.Build.0 = Debug|Any CPU
		{B07A0C21-82CA-4C43-8687-F5A19AB0FCD0}.Release|Any CPU.ActiveCfg = Release|Any CPU
		{B07A0C21-82CA-4C43-8687-F5A19AB0FCD0}.Release|Any CPU.Build.0 = Release|Any CPU
		{CBDE7FD0-BCA8-492F-9325-5B57F214E914}.Debug|Any CPU.ActiveCfg = Debug|Any CPU
		{CBDE7FD0-BCA8-492F-9325-5B57F214E914}.Debug|Any CPU.Build.0 = Debug|Any CPU
		{CBDE7FD0-BCA8-492F-9325-5B57F214E914}.Release|Any CPU.ActiveCfg = Release|Any CPU
		{CBDE7FD0-BCA8-492F-9325-5B57F214E914}.Release|Any CPU.Build.0 = Release|Any CPU
		{F2C32607-C373-46B3-BE61-4371B4271D3A}.Debug|Any CPU.ActiveCfg = Debug|Any CPU
		{F2C32607-C373-46B3-BE61-4371B4271D3A}.Debug|Any CPU.Build.0 = Debug|Any CPU
		{F2C32607-C373-46B3-BE61-4371B4271D3A}.Release|Any CPU.ActiveCfg = Release|Any CPU
		{F2C32607-C373-46B3-BE61-4371B4271D3A}.Release|Any CPU.Build.0 = Release|Any CPU
		{A398E6EA-ECFC-450D-8DAA-8A54D90B8775}.Debug|Any CPU.ActiveCfg = Debug|Any CPU
		{A398E6EA-ECFC-450D-8DAA-8A54D90B8775}.Debug|Any CPU.Build.0 = Debug|Any CPU
		{A398E6EA-ECFC-450D-8DAA-8A54D90B8775}.Release|Any CPU.ActiveCfg = Release|Any CPU
		{A398E6EA-ECFC-450D-8DAA-8A54D90B8775}.Release|Any CPU.Build.0 = Release|Any CPU
		{BDD0B585-9B0F-41D8-A1F9-60C4E3C2BE4D}.Debug|Any CPU.ActiveCfg = Debug|Any CPU
		{BDD0B585-9B0F-41D8-A1F9-60C4E3C2BE4D}.Debug|Any CPU.Build.0 = Debug|Any CPU
		{BDD0B585-9B0F-41D8-A1F9-60C4E3C2BE4D}.Release|Any CPU.ActiveCfg = Release|Any CPU
		{BDD0B585-9B0F-41D8-A1F9-60C4E3C2BE4D}.Release|Any CPU.Build.0 = Release|Any CPU
		{53C68299-82C5-4E4E-850A-E2BECBF6C4E5}.Debug|Any CPU.ActiveCfg = Debug|Any CPU
		{53C68299-82C5-4E4E-850A-E2BECBF6C4E5}.Debug|Any CPU.Build.0 = Debug|Any CPU
		{53C68299-82C5-4E4E-850A-E2BECBF6C4E5}.Release|Any CPU.ActiveCfg = Release|Any CPU
		{53C68299-82C5-4E4E-850A-E2BECBF6C4E5}.Release|Any CPU.Build.0 = Release|Any CPU
		{392D52A5-059F-41C7-9FC5-7FF819C69483}.Debug|Any CPU.ActiveCfg = Debug|Any CPU
		{392D52A5-059F-41C7-9FC5-7FF819C69483}.Debug|Any CPU.Build.0 = Debug|Any CPU
		{392D52A5-059F-41C7-9FC5-7FF819C69483}.Release|Any CPU.ActiveCfg = Release|Any CPU
		{392D52A5-059F-41C7-9FC5-7FF819C69483}.Release|Any CPU.Build.0 = Release|Any CPU
		{DB187A05-8F05-432B-AB53-05FAC0875B21}.Debug|Any CPU.ActiveCfg = Debug|Any CPU
		{DB187A05-8F05-432B-AB53-05FAC0875B21}.Debug|Any CPU.Build.0 = Debug|Any CPU
		{DB187A05-8F05-432B-AB53-05FAC0875B21}.Release|Any CPU.ActiveCfg = Release|Any CPU
		{DB187A05-8F05-432B-AB53-05FAC0875B21}.Release|Any CPU.Build.0 = Release|Any CPU
		{C3115B4F-180F-495E-A927-8CBCD3F85984}.Debug|Any CPU.ActiveCfg = Debug|Any CPU
		{C3115B4F-180F-495E-A927-8CBCD3F85984}.Debug|Any CPU.Build.0 = Debug|Any CPU
		{C3115B4F-180F-495E-A927-8CBCD3F85984}.Release|Any CPU.ActiveCfg = Release|Any CPU
		{C3115B4F-180F-495E-A927-8CBCD3F85984}.Release|Any CPU.Build.0 = Release|Any CPU
		{4F08BA2C-BCA3-4F89-9CE1-EB07794EDB51}.Debug|Any CPU.ActiveCfg = Debug|Any CPU
		{4F08BA2C-BCA3-4F89-9CE1-EB07794EDB51}.Debug|Any CPU.Build.0 = Debug|Any CPU
		{4F08BA2C-BCA3-4F89-9CE1-EB07794EDB51}.Release|Any CPU.ActiveCfg = Release|Any CPU
		{4F08BA2C-BCA3-4F89-9CE1-EB07794EDB51}.Release|Any CPU.Build.0 = Release|Any CPU
		{E4AF35B3-F2D4-401D-AC85-B15C97E2FF19}.Debug|Any CPU.ActiveCfg = Debug|Any CPU
		{E4AF35B3-F2D4-401D-AC85-B15C97E2FF19}.Debug|Any CPU.Build.0 = Debug|Any CPU
		{E4AF35B3-F2D4-401D-AC85-B15C97E2FF19}.Release|Any CPU.ActiveCfg = Release|Any CPU
		{E4AF35B3-F2D4-401D-AC85-B15C97E2FF19}.Release|Any CPU.Build.0 = Release|Any CPU
		{96EB2C94-6A7B-4B5A-BE73-B743A65DCA18}.Debug|Any CPU.ActiveCfg = Debug|Any CPU
		{96EB2C94-6A7B-4B5A-BE73-B743A65DCA18}.Debug|Any CPU.Build.0 = Debug|Any CPU
		{96EB2C94-6A7B-4B5A-BE73-B743A65DCA18}.Release|Any CPU.ActiveCfg = Release|Any CPU
		{96EB2C94-6A7B-4B5A-BE73-B743A65DCA18}.Release|Any CPU.Build.0 = Release|Any CPU
		{FBDFFF93-67BF-4F47-9A24-0700B13D83C2}.Debug|Any CPU.ActiveCfg = Debug|Any CPU
		{FBDFFF93-67BF-4F47-9A24-0700B13D83C2}.Debug|Any CPU.Build.0 = Debug|Any CPU
		{FBDFFF93-67BF-4F47-9A24-0700B13D83C2}.Release|Any CPU.ActiveCfg = Release|Any CPU
		{FBDFFF93-67BF-4F47-9A24-0700B13D83C2}.Release|Any CPU.Build.0 = Release|Any CPU
	EndGlobalSection
	GlobalSection(SolutionProperties) = preSolution
		HideSolutionNode = FALSE
	EndGlobalSection
	GlobalSection(NestedProjects) = preSolution
		{724D5EE1-C2C3-42E3-8BAE-D75E57BA3CD8} = {6ED356A7-8B47-4613-AD01-C85CF28491BD}
		{B38E23B9-0E0D-41C0-834F-FE70C3A960FF} = {6ED356A7-8B47-4613-AD01-C85CF28491BD}
		{FF3F27FA-F99E-4ED5-84E6-FB5FD3EB9A84} = {6ED356A7-8B47-4613-AD01-C85CF28491BD}
		{B07A0C21-82CA-4C43-8687-F5A19AB0FCD0} = {FF3F27FA-F99E-4ED5-84E6-FB5FD3EB9A84}
		{41107A04-EDDC-4B64-BC0E-ABE63675D97B} = {6ED356A7-8B47-4613-AD01-C85CF28491BD}
		{CBDE7FD0-BCA8-492F-9325-5B57F214E914} = {41107A04-EDDC-4B64-BC0E-ABE63675D97B}
		{F2C32607-C373-46B3-BE61-4371B4271D3A} = {FF3F27FA-F99E-4ED5-84E6-FB5FD3EB9A84}
		{A398E6EA-ECFC-450D-8DAA-8A54D90B8775} = {41107A04-EDDC-4B64-BC0E-ABE63675D97B}
		{BDD0B585-9B0F-41D8-A1F9-60C4E3C2BE4D} = {FF3F27FA-F99E-4ED5-84E6-FB5FD3EB9A84}
		{53C68299-82C5-4E4E-850A-E2BECBF6C4E5} = {FF3F27FA-F99E-4ED5-84E6-FB5FD3EB9A84}
		{D2BF2D43-AF5B-4528-AF7B-D5F212B3A05E} = {6ED356A7-8B47-4613-AD01-C85CF28491BD}
		{392D52A5-059F-41C7-9FC5-7FF819C69483} = {D2BF2D43-AF5B-4528-AF7B-D5F212B3A05E}
		{DB187A05-8F05-432B-AB53-05FAC0875B21} = {D2BF2D43-AF5B-4528-AF7B-D5F212B3A05E}
		{C3115B4F-180F-495E-A927-8CBCD3F85984} = {D2BF2D43-AF5B-4528-AF7B-D5F212B3A05E}
		{4F08BA2C-BCA3-4F89-9CE1-EB07794EDB51} = {D2BF2D43-AF5B-4528-AF7B-D5F212B3A05E}
		{E4AF35B3-F2D4-401D-AC85-B15C97E2FF19} = {6ED356A7-8B47-4613-AD01-C85CF28491BD}
		{96EB2C94-6A7B-4B5A-BE73-B743A65DCA18} = {6ED356A7-8B47-4613-AD01-C85CF28491BD}
		{0C0C3FD3-1C83-490B-BCAB-193B4D434F72} = {6ED356A7-8B47-4613-AD01-C85CF28491BD}
		{FBDFFF93-67BF-4F47-9A24-0700B13D83C2} = {0C0C3FD3-1C83-490B-BCAB-193B4D434F72}
	EndGlobalSection
	GlobalSection(ExtensibilityGlobals) = postSolution
		SolutionGuid = {3CB609D9-5D54-4C11-A371-DAAC8B74E430}
	EndGlobalSection
EndGlobal
