
Microsoft Visual Studio Solution File, Format Version 12.00
# Visual Studio Version 16
VisualStudioVersion = 16.0.30711.63
MinimumVisualStudioVersion = 10.0.40219.1
Project("{2150E333-8FDC-42A3-9474-1A3956D46DE8}") = "Web", "Web", "{0EE8DF69-B7B5-4909-B6CD-24EC1C80BD16}"
EndProject
Project("{2150E333-8FDC-42A3-9474-1A3956D46DE8}") = "API", "API", "{F8D575C7-2D1C-41C4-AC9B-8434529822F9}"
EndProject
Project("{9A19103F-16F7-4668-BE54-9A1E7A4F7556}") = "Api", "API\Api\Api.csproj", "{848D07A3-E642-4694-ADA5-09EDCD0C6FC2}"
EndProject
Project("{2150E333-8FDC-42A3-9474-1A3956D46DE8}") = "Domain", "Domain", "{A2AE5C04-31BE-4E99-B453-FDE47FD1D401}"
EndProject
Project("{9A19103F-16F7-4668-BE54-9A1E7A4F7556}") = "Domain", "Domain\Domain\Domain.csproj", "{5B5E158C-1465-479B-B7B1-24068D129572}"
EndProject
Project("{2150E333-8FDC-42A3-9474-1A3956D46DE8}") = "Identity", "Identity", "{25D5BB3C-B0C0-47B2-9580-F9368BD94858}"
EndProject
Project("{9A19103F-16F7-4668-BE54-9A1E7A4F7556}") = "Hive.IDP", "Identity\Hive.IDP\Hive.IDP.csproj", "{615758DD-79AE-46D1-B33B-1F6765F40096}"
EndProject
Project("{FAE04EC0-301F-11D3-BF4B-00C04F79EFBC}") = "Domain.UserManagement", "Domain\Domain.UserManagement\Domain.UserManagement.csproj", "{03A0255C-D47A-4989-BA70-4F9E987765DA}"
EndProject
Project("{FAE04EC0-301F-11D3-BF4B-00C04F79EFBC}") = "Domain.Seller", "Domain\Domain.Seller\Domain.Seller.csproj", "{F30794B2-79F7-406B-86A3-68F9C969ECC8}"
EndProject
Project("{FAE04EC0-301F-11D3-BF4B-00C04F79EFBC}") = "Domain.Investor", "Domain\Domain.Investor\Domain.Investor.csproj", "{30F6FB16-91AF-4F5A-8F12-271F50F54952}"
EndProject
Project("{FAE04EC0-301F-11D3-BF4B-00C04F79EFBC}") = "Seller", "Application\Seller\Seller.csproj", "{F2FF6B39-CDEB-4DB7-825D-F1C027CDE6BA}"
EndProject
Project("{2150E333-8FDC-42A3-9474-1A3956D46DE8}") = "SellerContext", "SellerContext", "{631101F9-CC9B-4DE0-8801-8BFBCBF7A394}"
EndProject
Project("{2150E333-8FDC-42A3-9474-1A3956D46DE8}") = "InvestorContext", "InvestorContext", "{8D4C5AE4-2733-4E3E-A4DE-B986F4DD3497}"
EndProject
Project("{FAE04EC0-301F-11D3-BF4B-00C04F79EFBC}") = "Investor.Contracts", "Application\Investor.Contracts\Investor.Contracts.csproj", "{E6F44035-21DC-428C-8128-7F1BA14FB10E}"
EndProject
Project("{FAE04EC0-301F-11D3-BF4B-00C04F79EFBC}") = "Investor", "Investor\Investor.csproj", "{93C095C9-6B58-4459-A185-1FC7E9D54BBA}"
EndProject
Project("{FAE04EC0-301F-11D3-BF4B-00C04F79EFBC}") = "IDP.Domain", "Identity\IDP.Domain\IDP.Domain.csproj", "{AA384791-73E5-4377-A3C2-57EA442763F5}"
EndProject
Global
	GlobalSection(SolutionConfigurationPlatforms) = preSolution
		Debug|Any CPU = Debug|Any CPU
		Release|Any CPU = Release|Any CPU
	EndGlobalSection
	GlobalSection(ProjectConfigurationPlatforms) = postSolution
		{848D07A3-E642-4694-ADA5-09EDCD0C6FC2}.Debug|Any CPU.ActiveCfg = Debug|Any CPU
		{848D07A3-E642-4694-ADA5-09EDCD0C6FC2}.Debug|Any CPU.Build.0 = Debug|Any CPU
		{848D07A3-E642-4694-ADA5-09EDCD0C6FC2}.Release|Any CPU.ActiveCfg = Release|Any CPU
		{848D07A3-E642-4694-ADA5-09EDCD0C6FC2}.Release|Any CPU.Build.0 = Release|Any CPU
		{5B5E158C-1465-479B-B7B1-24068D129572}.Debug|Any CPU.ActiveCfg = Debug|Any CPU
		{5B5E158C-1465-479B-B7B1-24068D129572}.Debug|Any CPU.Build.0 = Debug|Any CPU
		{5B5E158C-1465-479B-B7B1-24068D129572}.Release|Any CPU.ActiveCfg = Release|Any CPU
		{5B5E158C-1465-479B-B7B1-24068D129572}.Release|Any CPU.Build.0 = Release|Any CPU
		{615758DD-79AE-46D1-B33B-1F6765F40096}.Debug|Any CPU.ActiveCfg = Debug|Any CPU
		{615758DD-79AE-46D1-B33B-1F6765F40096}.Debug|Any CPU.Build.0 = Debug|Any CPU
		{615758DD-79AE-46D1-B33B-1F6765F40096}.Release|Any CPU.ActiveCfg = Release|Any CPU
		{615758DD-79AE-46D1-B33B-1F6765F40096}.Release|Any CPU.Build.0 = Release|Any CPU
		{03A0255C-D47A-4989-BA70-4F9E987765DA}.Debug|Any CPU.ActiveCfg = Debug|Any CPU
		{03A0255C-D47A-4989-BA70-4F9E987765DA}.Debug|Any CPU.Build.0 = Debug|Any CPU
		{03A0255C-D47A-4989-BA70-4F9E987765DA}.Release|Any CPU.ActiveCfg = Release|Any CPU
		{03A0255C-D47A-4989-BA70-4F9E987765DA}.Release|Any CPU.Build.0 = Release|Any CPU
		{F30794B2-79F7-406B-86A3-68F9C969ECC8}.Debug|Any CPU.ActiveCfg = Debug|Any CPU
		{F30794B2-79F7-406B-86A3-68F9C969ECC8}.Debug|Any CPU.Build.0 = Debug|Any CPU
		{F30794B2-79F7-406B-86A3-68F9C969ECC8}.Release|Any CPU.ActiveCfg = Release|Any CPU
		{F30794B2-79F7-406B-86A3-68F9C969ECC8}.Release|Any CPU.Build.0 = Release|Any CPU
		{30F6FB16-91AF-4F5A-8F12-271F50F54952}.Debug|Any CPU.ActiveCfg = Debug|Any CPU
		{30F6FB16-91AF-4F5A-8F12-271F50F54952}.Debug|Any CPU.Build.0 = Debug|Any CPU
		{30F6FB16-91AF-4F5A-8F12-271F50F54952}.Release|Any CPU.ActiveCfg = Release|Any CPU
		{30F6FB16-91AF-4F5A-8F12-271F50F54952}.Release|Any CPU.Build.0 = Release|Any CPU
		{F2FF6B39-CDEB-4DB7-825D-F1C027CDE6BA}.Debug|Any CPU.ActiveCfg = Debug|Any CPU
		{F2FF6B39-CDEB-4DB7-825D-F1C027CDE6BA}.Debug|Any CPU.Build.0 = Debug|Any CPU
		{F2FF6B39-CDEB-4DB7-825D-F1C027CDE6BA}.Release|Any CPU.ActiveCfg = Release|Any CPU
		{F2FF6B39-CDEB-4DB7-825D-F1C027CDE6BA}.Release|Any CPU.Build.0 = Release|Any CPU
		{E6F44035-21DC-428C-8128-7F1BA14FB10E}.Debug|Any CPU.ActiveCfg = Debug|Any CPU
		{E6F44035-21DC-428C-8128-7F1BA14FB10E}.Debug|Any CPU.Build.0 = Debug|Any CPU
		{E6F44035-21DC-428C-8128-7F1BA14FB10E}.Release|Any CPU.ActiveCfg = Release|Any CPU
		{E6F44035-21DC-428C-8128-7F1BA14FB10E}.Release|Any CPU.Build.0 = Release|Any CPU
		{93C095C9-6B58-4459-A185-1FC7E9D54BBA}.Debug|Any CPU.ActiveCfg = Debug|Any CPU
		{93C095C9-6B58-4459-A185-1FC7E9D54BBA}.Debug|Any CPU.Build.0 = Debug|Any CPU
		{93C095C9-6B58-4459-A185-1FC7E9D54BBA}.Release|Any CPU.ActiveCfg = Release|Any CPU
		{93C095C9-6B58-4459-A185-1FC7E9D54BBA}.Release|Any CPU.Build.0 = Release|Any CPU
		{AA384791-73E5-4377-A3C2-57EA442763F5}.Debug|Any CPU.ActiveCfg = Debug|Any CPU
		{AA384791-73E5-4377-A3C2-57EA442763F5}.Debug|Any CPU.Build.0 = Debug|Any CPU
		{AA384791-73E5-4377-A3C2-57EA442763F5}.Release|Any CPU.ActiveCfg = Release|Any CPU
		{AA384791-73E5-4377-A3C2-57EA442763F5}.Release|Any CPU.Build.0 = Release|Any CPU
	EndGlobalSection
	GlobalSection(SolutionProperties) = preSolution
		HideSolutionNode = FALSE
	EndGlobalSection
	GlobalSection(NestedProjects) = preSolution
		{848D07A3-E642-4694-ADA5-09EDCD0C6FC2} = {F8D575C7-2D1C-41C4-AC9B-8434529822F9}
		{5B5E158C-1465-479B-B7B1-24068D129572} = {A2AE5C04-31BE-4E99-B453-FDE47FD1D401}
		{615758DD-79AE-46D1-B33B-1F6765F40096} = {25D5BB3C-B0C0-47B2-9580-F9368BD94858}
		{03A0255C-D47A-4989-BA70-4F9E987765DA} = {A2AE5C04-31BE-4E99-B453-FDE47FD1D401}
		{F2FF6B39-CDEB-4DB7-825D-F1C027CDE6BA} = {631101F9-CC9B-4DE0-8801-8BFBCBF7A394}
		{F30794B2-79F7-406B-86A3-68F9C969ECC8} = {631101F9-CC9B-4DE0-8801-8BFBCBF7A394}
		{30F6FB16-91AF-4F5A-8F12-271F50F54952} = {8D4C5AE4-2733-4E3E-A4DE-B986F4DD3497}
		{E6F44035-21DC-428C-8128-7F1BA14FB10E} = {8D4C5AE4-2733-4E3E-A4DE-B986F4DD3497}
		{93C095C9-6B58-4459-A185-1FC7E9D54BBA} = {8D4C5AE4-2733-4E3E-A4DE-B986F4DD3497}
		{AA384791-73E5-4377-A3C2-57EA442763F5} = {25D5BB3C-B0C0-47B2-9580-F9368BD94858}
	EndGlobalSection
	GlobalSection(ExtensibilityGlobals) = postSolution
		SolutionGuid = {5933E79E-8C30-4A9B-936F-FC7A056D350E}
	EndGlobalSection
EndGlobal
